
Microsoft Visual Studio Solution File, Format Version 12.00
# Visual Studio Version 17
VisualStudioVersion = 17.14.36623.8
MinimumVisualStudioVersion = 10.0.40219.1
Project("{2150E333-8FDC-42A3-9474-1A3956D46DE8}") = "FrontEnd", "FrontEnd", "{02EA681E-C7D8-13C7-8484-4AC65E1B71E8}"
EndProject
Project("{2150E333-8FDC-42A3-9474-1A3956D46DE8}") = "Gateway", "Gateway", "{C5872B76-35A3-42B0-8FC0-FD83C71F092E}"
EndProject
Project("{2150E333-8FDC-42A3-9474-1A3956D46DE8}") = "Integration", "Integration", "{E8E25566-9EE9-4CD9-AF67-AB52A23F2EFA}"
EndProject
Project("{2150E333-8FDC-42A3-9474-1A3956D46DE8}") = "Services", "Services", "{679ED622-79BF-4131-9AA9-BF7041FF9649}"
EndProject
Project("{FAE04EC0-301F-11D3-BF4B-00C04F79EFBC}") = "EM.Services.CouponAPI", "EM.Services.CouponAPI\EM.Services.CouponAPI.csproj", "{496C2D9C-3E70-466F-9526-D8526BA33EA5}"
EndProject
Project("{FAE04EC0-301F-11D3-BF4B-00C04F79EFBC}") = "EM.Web", "EM.Web\EM.Web.csproj", "{21F2D09F-8274-467F-93E0-3C77EFAAAA68}"
EndProject
Project("{2150E333-8FDC-42A3-9474-1A3956D46DE8}") = "Common", "Common", "{881589EE-639B-0A35-DBCE-5D94E4FC90C0}"
EndProject
Project("{FAE04EC0-301F-11D3-BF4B-00C04F79EFBC}") = "EM.Core", "EM.Core\EM.Core.csproj", "{5AB7A426-EEB0-4B13-B38E-687C6D8FB705}"
EndProject
Project("{FAE04EC0-301F-11D3-BF4B-00C04F79EFBC}") = "EM.Services.AuthAPI", "EM.Services.AuthAPI\EM.Services.AuthAPI.csproj", "{900DE749-B17D-4674-99DF-8E8ACA77D558}"
EndProject
Global
	GlobalSection(SolutionConfigurationPlatforms) = preSolution
		Debug|Any CPU = Debug|Any CPU
		Release|Any CPU = Release|Any CPU
	EndGlobalSection
	GlobalSection(ProjectConfigurationPlatforms) = postSolution
		{496C2D9C-3E70-466F-9526-D8526BA33EA5}.Debug|Any CPU.ActiveCfg = Debug|Any CPU
		{496C2D9C-3E70-466F-9526-D8526BA33EA5}.Debug|Any CPU.Build.0 = Debug|Any CPU
		{496C2D9C-3E70-466F-9526-D8526BA33EA5}.Release|Any CPU.ActiveCfg = Release|Any CPU
		{496C2D9C-3E70-466F-9526-D8526BA33EA5}.Release|Any CPU.Build.0 = Release|Any CPU
		{21F2D09F-8274-467F-93E0-3C77EFAAAA68}.Debug|Any CPU.ActiveCfg = Debug|Any CPU
		{21F2D09F-8274-467F-93E0-3C77EFAAAA68}.Debug|Any CPU.Build.0 = Debug|Any CPU
		{21F2D09F-8274-467F-93E0-3C77EFAAAA68}.Release|Any CPU.ActiveCfg = Release|Any CPU
		{21F2D09F-8274-467F-93E0-3C77EFAAAA68}.Release|Any CPU.Build.0 = Release|Any CPU
		{5AB7A426-EEB0-4B13-B38E-687C6D8FB705}.Debug|Any CPU.ActiveCfg = Debug|Any CPU
		{5AB7A426-EEB0-4B13-B38E-687C6D8FB705}.Debug|Any CPU.Build.0 = Debug|Any CPU
		{5AB7A426-EEB0-4B13-B38E-687C6D8FB705}.Release|Any CPU.ActiveCfg = Release|Any CPU
		{5AB7A426-EEB0-4B13-B38E-687C6D8FB705}.Release|Any CPU.Build.0 = Release|Any CPU
		{900DE749-B17D-4674-99DF-8E8ACA77D558}.Debug|Any CPU.ActiveCfg = Debug|Any CPU
		{900DE749-B17D-4674-99DF-8E8ACA77D558}.Debug|Any CPU.Build.0 = Debug|Any CPU
		{900DE749-B17D-4674-99DF-8E8ACA77D558}.Release|Any CPU.ActiveCfg = Release|Any CPU
		{900DE749-B17D-4674-99DF-8E8ACA77D558}.Release|Any CPU.Build.0 = Release|Any CPU
	EndGlobalSection
	GlobalSection(SolutionProperties) = preSolution
		HideSolutionNode = FALSE
	EndGlobalSection
	GlobalSection(NestedProjects) = preSolution
		{496C2D9C-3E70-466F-9526-D8526BA33EA5} = {679ED622-79BF-4131-9AA9-BF7041FF9649}
		{21F2D09F-8274-467F-93E0-3C77EFAAAA68} = {02EA681E-C7D8-13C7-8484-4AC65E1B71E8}
		{5AB7A426-EEB0-4B13-B38E-687C6D8FB705} = {881589EE-639B-0A35-DBCE-5D94E4FC90C0}
		{900DE749-B17D-4674-99DF-8E8ACA77D558} = {679ED622-79BF-4131-9AA9-BF7041FF9649}
	EndGlobalSection
	GlobalSection(ExtensibilityGlobals) = postSolution
		SolutionGuid = {5E93517C-3D1F-4ABC-802B-F0C45B89F634}
	EndGlobalSection
EndGlobal
